// !$*UTF8*$!
{
	archiveVersion = 1;
	classes = {
	};
	objectVersion = 46;
	objects = {

/* Begin PBXBuildFile section */
		521DFC131E41981C008E184D /* TestController.swift in Sources */ = {isa = PBXBuildFile; fileRef = 521DFC121E41981C008E184D /* TestController.swift */; };
		5256904B1E4196DB000A11EC /* AppDelegate.swift in Sources */ = {isa = PBXBuildFile; fileRef = 5256904A1E4196DB000A11EC /* AppDelegate.swift */; };
		5256904D1E4196DB000A11EC /* MasterViewController.swift in Sources */ = {isa = PBXBuildFile; fileRef = 5256904C1E4196DB000A11EC /* MasterViewController.swift */; };
		5256904F1E4196DB000A11EC /* DetailViewController.swift in Sources */ = {isa = PBXBuildFile; fileRef = 5256904E1E4196DB000A11EC /* DetailViewController.swift */; };
		525690521E4196DB000A11EC /* Main.storyboard in Resources */ = {isa = PBXBuildFile; fileRef = 525690501E4196DB000A11EC /* Main.storyboard */; };
		525690541E4196DB000A11EC /* Assets.xcassets in Resources */ = {isa = PBXBuildFile; fileRef = 525690531E4196DB000A11EC /* Assets.xcassets */; };
		525690571E4196DB000A11EC /* LaunchScreen.storyboard in Resources */ = {isa = PBXBuildFile; fileRef = 525690551E4196DB000A11EC /* LaunchScreen.storyboard */; };
/* End PBXBuildFile section */

/* Begin PBXFileReference section */
		521DFC121E41981C008E184D /* TestController.swift */ = {isa = PBXFileReference; fileEncoding = 4; lastKnownFileType = sourcecode.swift; path = TestController.swift; sourceTree = "<group>"; };
		525690471E4196DB000A11EC /* ddnoteios.app */ = {isa = PBXFileReference; explicitFileType = wrapper.application; includeInIndex = 0; path = ddnoteios.app; sourceTree = BUILT_PRODUCTS_DIR; };
		5256904A1E4196DB000A11EC /* AppDelegate.swift */ = {isa = PBXFileReference; lastKnownFileType = sourcecode.swift; path = AppDelegate.swift; sourceTree = "<group>"; };
		5256904C1E4196DB000A11EC /* MasterViewController.swift */ = {isa = PBXFileReference; lastKnownFileType = sourcecode.swift; path = MasterViewController.swift; sourceTree = "<group>"; };
		5256904E1E4196DB000A11EC /* DetailViewController.swift */ = {isa = PBXFileReference; lastKnownFileType = sourcecode.swift; path = DetailViewController.swift; sourceTree = "<group>"; };
		525690511E4196DB000A11EC /* Base */ = {isa = PBXFileReference; lastKnownFileType = file.storyboard; name = Base; path = Base.lproj/Main.storyboard; sourceTree = "<group>"; };
		525690531E4196DB000A11EC /* Assets.xcassets */ = {isa = PBXFileReference; lastKnownFileType = folder.assetcatalog; path = Assets.xcassets; sourceTree = "<group>"; };
		525690561E4196DB000A11EC /* Base */ = {isa = PBXFileReference; lastKnownFileType = file.storyboard; name = Base; path = Base.lproj/LaunchScreen.storyboard; sourceTree = "<group>"; };
		525690581E4196DB000A11EC /* Info.plist */ = {isa = PBXFileReference; lastKnownFileType = text.plist.xml; path = Info.plist; sourceTree = "<group>"; };
/* End PBXFileReference section */

/* Begin PBXFrameworksBuildPhase section */
		525690441E4196DB000A11EC /* Frameworks */ = {
			isa = PBXFrameworksBuildPhase;
			buildActionMask = 2147483647;
			files = (
			);
			runOnlyForDeploymentPostprocessing = 0;
		};
/* End PBXFrameworksBuildPhase section */

/* Begin PBXGroup section */
		5256903E1E4196DB000A11EC = {
			isa = PBXGroup;
			children = (
				525690491E4196DB000A11EC /* ddnoteios */,
				525690481E4196DB000A11EC /* Products */,
			);
			sourceTree = "<group>";
		};
		525690481E4196DB000A11EC /* Products */ = {
			isa = PBXGroup;
			children = (
				525690471E4196DB000A11EC /* ddnoteios.app */,
			);
			name = Products;
			sourceTree = "<group>";
		};
		525690491E4196DB000A11EC /* ddnoteios */ = {
			isa = PBXGroup;
			children = (
				521DFC121E41981C008E184D /* TestController.swift */,
				5256904A1E4196DB000A11EC /* AppDelegate.swift */,
				5256904C1E4196DB000A11EC /* MasterViewController.swift */,
				5256904E1E4196DB000A11EC /* DetailViewController.swift */,
				525690501E4196DB000A11EC /* Main.storyboard */,
				525690531E4196DB000A11EC /* Assets.xcassets */,
				525690551E4196DB000A11EC /* LaunchScreen.storyboard */,
				525690581E4196DB000A11EC /* Info.plist */,
			);
			path = ddnoteios;
			sourceTree = "<group>";
		};
/* End PBXGroup section */

/* Begin PBXNativeTarget section */
		525690461E4196DB000A11EC /* ddnoteios */ = {
			isa = PBXNativeTarget;
			buildConfigurationList = 5256905B1E4196DB000A11EC /* Build configuration list for PBXNativeTarget "ddnoteios" */;
			buildPhases = (
				525690431E4196DB000A11EC /* Sources */,
				525690441E4196DB000A11EC /* Frameworks */,
				525690451E4196DB000A11EC /* Resources */,
			);
			buildRules = (
			);
			dependencies = (
			);
			name = ddnoteios;
			productName = ddnoteios;
			productReference = 525690471E4196DB000A11EC /* ddnoteios.app */;
			productType = "com.apple.product-type.application";
		};
/* End PBXNativeTarget section */

/* Begin PBXProject section */
		5256903F1E4196DB000A11EC /* Project object */ = {
			isa = PBXProject;
			attributes = {
				LastSwiftUpdateCheck = 0820;
				LastUpgradeCheck = 0820;
				ORGANIZATIONNAME = com.dazzilove;
				TargetAttributes = {
					525690461E4196DB000A11EC = {
						CreatedOnToolsVersion = 8.2.1;
						ProvisioningStyle = Automatic;
					};
				};
			};
			buildConfigurationList = 525690421E4196DB000A11EC /* Build configuration list for PBXProject "ddnoteios" */;
			compatibilityVersion = "Xcode 3.2";
			developmentRegion = English;
			hasScannedForEncodings = 0;
			knownRegions = (
				en,
				Base,
			);
			mainGroup = 5256903E1E4196DB000A11EC;
			productRefGroup = 525690481E4196DB000A11EC /* Products */;
			projectDirPath = "";
			projectRoot = "";
			targets = (
				525690461E4196DB000A11EC /* ddnoteios */,
			);
		};
/* End PBXProject section */

/* Begin PBXResourcesBuildPhase section */
		525690451E4196DB000A11EC /* Resources */ = {
			isa = PBXResourcesBuildPhase;
			buildActionMask = 2147483647;
			files = (
				525690571E4196DB000A11EC /* LaunchScreen.storyboard in Resources */,
				525690541E4196DB000A11EC /* Assets.xcassets in Resources */,
				525690521E4196DB000A11EC /* Main.storyboard in Resources */,
			);
			runOnlyForDeploymentPostprocessing = 0;
		};
/* End PBXResourcesBuildPhase section */

/* Begin PBXSourcesBuildPhase section */
		525690431E4196DB000A11EC /* Sources */ = {
			isa = PBXSourcesBuildPhase;
			buildActionMask = 2147483647;
			files = (
				5256904F1E4196DB000A11EC /* DetailViewController.swift in Sources */,
				5256904D1E4196DB000A11EC /* MasterViewController.swift in Sources */,
				5256904B1E4196DB000A11EC /* AppDelegate.swift in Sources */,
				521DFC131E41981C008E184D /* TestController.swift in Sources */,
			);
			runOnlyForDeploymentPostprocessing = 0;
		};
/* End PBXSourcesBuildPhase section */

/* Begin PBXVariantGroup section */
		525690501E4196DB000A11EC /* Main.storyboard */ = {
			isa = PBXVariantGroup;
			children = (
				525690511E4196DB000A11EC /* Base */,
			);
			name = Main.storyboard;
			sourceTree = "<group>";
		};
		525690551E4196DB000A11EC /* LaunchScreen.storyboard */ = {
			isa = PBXVariantGroup;
			children = (
				525690561E4196DB000A11EC /* Base */,
			);
			name = LaunchScreen.storyboard;
			sourceTree = "<group>";
		};
/* End PBXVariantGroup section */

/* Begin XCBuildConfiguration section */
		525690591E4196DB000A11EC /* Debug */ = {
			isa = XCBuildConfiguration;
			buildSettings = {
				ALWAYS_SEARCH_USER_PATHS = NO;
				CLANG_ANALYZER_NONNULL = YES;
				CLANG_CXX_LANGUAGE_STANDARD = "gnu++0x";
				CLANG_CXX_LIBRARY = "libc++";
				CLANG_ENABLE_MODULES = YES;
				CLANG_ENABLE_OBJC_ARC = YES;
				CLANG_WARN_BOOL_CONVERSION = YES;
				CLANG_WARN_CONSTANT_CONVERSION = YES;
				CLANG_WARN_DIRECT_OBJC_ISA_USAGE = YES_ERROR;
				CLANG_WARN_DOCUMENTATION_COMMENTS = YES;
				CLANG_WARN_EMPTY_BODY = YES;
				CLANG_WARN_ENUM_CONVERSION = YES;
				CLANG_WARN_INFINITE_RECURSION = YES;
				CLANG_WARN_INT_CONVERSION = YES;
				CLANG_WARN_OBJC_ROOT_CLASS = YES_ERROR;
				CLANG_WARN_SUSPICIOUS_MOVE = YES;
				CLANG_WARN_UNREACHABLE_CODE = YES;
				CLANG_WARN__DUPLICATE_METHOD_MATCH = YES;
				"CODE_SIGN_IDENTITY[sdk=iphoneos*]" = "iPhone Developer";
				COPY_PHASE_STRIP = NO;
				DEBUG_INFORMATION_FORMAT = dwarf;
				ENABLE_STRICT_OBJC_MSGSEND = YES;
				ENABLE_TESTABILITY = YES;
				GCC_C_LANGUAGE_STANDARD = gnu99;
				GCC_DYNAMIC_NO_PIC = NO;
				GCC_NO_COMMON_BLOCKS = YES;
				GCC_OPTIMIZATION_LEVEL = 0;
				GCC_PREPROCESSOR_DEFINITIONS = (
					"DEBUG=1",
					"$(inherited)",
				);
				GCC_WARN_64_TO_32_BIT_CONVERSION = YES;
				GCC_WARN_ABOUT_RETURN_TYPE = YES_ERROR;
				GCC_WARN_UNDECLARED_SELECTOR = YES;
				GCC_WARN_UNINITIALIZED_AUTOS = YES_AGGRESSIVE;
				GCC_WARN_UNUSED_FUNCTION = YES;
				GCC_WARN_UNUSED_VARIABLE = YES;
				IPHONEOS_DEPLOYMENT_TARGET = 10.2;
				MTL_ENABLE_DEBUG_INFO = YES;
				ONLY_ACTIVE_ARCH = YES;
				SDKROOT = iphoneos;
				SWIFT_ACTIVE_COMPILATION_CONDITIONS = DEBUG;
				SWIFT_OPTIMIZATION_LEVEL = "-Onone";
				TARGETED_DEVICE_FAMILY = "1,2";
			};
			name = Debug;
		};
		5256905A1E4196DB000A11EC /* Release */ = {
			isa = XCBuildConfiguration;
			buildSettings = {
				ALWAYS_SEARCH_USER_PATHS = NO;
				CLANG_ANALYZER_NONNULL = YES;
				CLANG_CXX_LANGUAGE_STANDARD = "gnu++0x";
				CLANG_CXX_LIBRARY = "libc++";
				CLANG_ENABLE_MODULES = YES;
				CLANG_ENABLE_OBJC_ARC = YES;
				CLANG_WARN_BOOL_CONVERSION = YES;
				CLANG_WARN_CONSTANT_CONVERSION = YES;
				CLANG_WARN_DIRECT_OBJC_ISA_USAGE = YES_ERROR;
				CLANG_WARN_DOCUMENTATION_COMMENTS = YES;
				CLANG_WARN_EMPTY_BODY = YES;
				CLANG_WARN_ENUM_CONVERSION = YES;
				CLANG_WARN_INFINITE_RECURSION = YES;
				CLANG_WARN_INT_CONVERSION = YES;
				CLANG_WARN_OBJC_ROOT_CLASS = YES_ERROR;
				CLANG_WARN_SUSPICIOUS_MOVE = YES;
				CLANG_WARN_UNREACHABLE_CODE = YES;
				CLANG_WARN__DUPLICATE_METHOD_MATCH = YES;
				"CODE_SIGN_IDENTITY[sdk=iphoneos*]" = "iPhone Developer";
				COPY_PHASE_STRIP = NO;
				DEBUG_INFORMATION_FORMAT = "dwarf-with-dsym";
				ENABLE_NS_ASSERTIONS = NO;
				ENABLE_STRICT_OBJC_MSGSEND = YES;
				GCC_C_LANGUAGE_STANDARD = gnu99;
				GCC_NO_COMMON_BLOCKS = YES;
				GCC_WARN_64_TO_32_BIT_CONVERSION = YES;
				GCC_WARN_ABOUT_RETURN_TYPE = YES_ERROR;
				GCC_WARN_UNDECLARED_SELECTOR = YES;
				GCC_WARN_UNINITIALIZED_AUTOS = YES_AGGRESSIVE;
				GCC_WARN_UNUSED_FUNCTION = YES;
				GCC_WARN_UNUSED_VARIABLE = YES;
				IPHONEOS_DEPLOYMENT_TARGET = 10.2;
				MTL_ENABLE_DEBUG_INFO = NO;
				SDKROOT = iphoneos;
				SWIFT_OPTIMIZATION_LEVEL = "-Owholemodule";
				TARGETED_DEVICE_FAMILY = "1,2";
				VALIDATE_PRODUCT = YES;
			};
			name = Release;
		};
		5256905C1E4196DB000A11EC /* Debug */ = {
			isa = XCBuildConfiguration;
			buildSettings = {
				ASSETCATALOG_COMPILER_APPICON_NAME = AppIcon;
				INFOPLIST_FILE = ddnoteios/Info.plist;
				LD_RUNPATH_SEARCH_PATHS = "$(inherited) @executable_path/Frameworks";
				PRODUCT_BUNDLE_IDENTIFIER = com.dazzilove.ddnoteios;
				PRODUCT_NAME = "$(TARGET_NAME)";
				SWIFT_VERSION = 3.0;
			};
			name = Debug;
		};
		5256905D1E4196DB000A11EC /* Release */ = {
			isa = XCBuildConfiguration;
			buildSettings = {
				ASSETCATALOG_COMPILER_APPICON_NAME = AppIcon;
				INFOPLIST_FILE = ddnoteios/Info.plist;
				LD_RUNPATH_SEARCH_PATHS = "$(inherited) @executable_path/Frameworks";
				PRODUCT_BUNDLE_IDENTIFIER = com.dazzilove.ddnoteios;
				PRODUCT_NAME = "$(TARGET_NAME)";
				SWIFT_VERSION = 3.0;
			};
			name = Release;
		};
/* End XCBuildConfiguration section */

/* Begin XCConfigurationList section */
		525690421E4196DB000A11EC /* Build configuration list for PBXProject "ddnoteios" */ = {
			isa = XCConfigurationList;
			buildConfigurations = (
				525690591E4196DB000A11EC /* Debug */,
				5256905A1E4196DB000A11EC /* Release */,
			);
			defaultConfigurationIsVisible = 0;
			defaultConfigurationName = Release;
		};
		5256905B1E4196DB000A11EC /* Build configuration list for PBXNativeTarget "ddnoteios" */ = {
			isa = XCConfigurationList;
			buildConfigurations = (
				5256905C1E4196DB000A11EC /* Debug */,
				5256905D1E4196DB000A11EC /* Release */,
			);
			defaultConfigurationIsVisible = 0;
			defaultConfigurationName = Release;
		};
/* End XCConfigurationList section */
	};
	rootObject = 5256903F1E4196DB000A11EC /* Project object */;
}
